{
  "projects": [
    {
      "projectId": "caTPwKxj5ZrD9LQ7DMdK4Z",
      "version": "3.40.0",
      "dependencies": {},
      "lang": "ts",
      "fileLocks": [
        {
          "assetId": "caTPwKxj5ZrD9LQ7DMdK4Z",
          "type": "projectCss",
          "checksum": "1c02168c6b23256606111fdfdbb63549"
        }
      ],
      "codegenVersion": "0.0.1"
    },
    {
      "projectId": "sqPBLwEBBKHA2WDuGb17eV",
      "version": "2.3.0",
      "dependencies": {},
      "lang": "ts",
      "fileLocks": [
        {
          "type": "renderModule",
          "assetId": "5nirPCGmCnRD",
          "checksum": "8349abdc2d4e50b2af228bf309abc811"
        },
        {
          "type": "cssRules",
          "assetId": "5nirPCGmCnRD",
          "checksum": "8349abdc2d4e50b2af228bf309abc811"
        },
        {
          "type": "icon",
          "assetId": "Wyt3GMMsLefj",
          "checksum": "d2b1886763aa016780501d0c22f50b5e"
        },
        {
          "type": "icon",
          "assetId": "MbDRsJU0e3bw",
          "checksum": "92672aa6935120ebaac11939d8d127bb"
        },
        {
          "assetId": "sqPBLwEBBKHA2WDuGb17eV",
          "type": "projectCss",
          "checksum": "1c02168c6b23256606111fdfdbb63549"
        }
      ],
      "codegenVersion": "0.0.1"
    },
    {
      "projectId": "jkU633o1Cz7HrJdwdxhVHk",
      "version": "16.13.0",
      "dependencies": {},
      "lang": "ts",
      "fileLocks": [
        {
          "assetId": "jkU633o1Cz7HrJdwdxhVHk",
          "type": "projectCss",
          "checksum": "cf57d229ecea50678d9d8d3bc0e3dd9b"
        }
      ],
      "codegenVersion": "0.0.1"
    },
    {
      "projectId": "ohDidvG9XsCeFumugENU3J",
      "version": "6.28.0",
      "dependencies": {},
      "lang": "ts",
      "fileLocks": [
        {
          "assetId": "ohDidvG9XsCeFumugENU3J",
          "checksum": "de0a0e65174a6a185a8f822af51c6bdd",
          "type": "globalContexts"
        },
        {
          "assetId": "ohDidvG9XsCeFumugENU3J",
          "type": "projectCss",
          "checksum": "ba2a60a163fca4f4d510275088a2be53"
        }
      ],
      "codegenVersion": "0.0.1"
    },
    {
      "projectId": "7nJ7UcFmq9UzB6eXfC5z4a",
      "version": "0.31.0",
      "dependencies": {},
      "lang": "ts",
      "fileLocks": [
        {
          "assetId": "7nJ7UcFmq9UzB6eXfC5z4a",
          "type": "projectCss",
          "checksum": "01e8cee5b9ce00fbc93f494c2a40dbf1"
        }
      ],
      "codegenVersion": "0.0.1"
    },
    {
      "projectId": "9Vr5YWkf3w7jj6SsTcCEta",
      "version": "0.13.0",
      "dependencies": {},
      "lang": "ts",
      "fileLocks": [
        {
          "assetId": "9Vr5YWkf3w7jj6SsTcCEta",
          "type": "projectCss",
          "checksum": "1c02168c6b23256606111fdfdbb63549"
        }
      ],
      "codegenVersion": "0.0.1"
    },
    {
      "projectId": "YUiM7yqBWAqsh8KSnrdj7",
      "version": "0.33.0",
      "dependencies": {},
      "lang": "ts",
      "fileLocks": [
        {
          "assetId": "YUiM7yqBWAqsh8KSnrdj7",
          "type": "projectCss",
          "checksum": "21b499a9da4edbc2266c72c2ba127787"
        }
      ],
      "codegenVersion": "0.0.1"
    },
    {
      "projectId": "kE2m6SaQqQewvhrZdkGhrf",
      "version": "latest",
      "dependencies": {
        "YUiM7yqBWAqsh8KSnrdj7": "0.33.0",
        "9Vr5YWkf3w7jj6SsTcCEta": "0.13.0",
        "7nJ7UcFmq9UzB6eXfC5z4a": "0.31.0",
        "ohDidvG9XsCeFumugENU3J": "6.28.0",
        "jkU633o1Cz7HrJdwdxhVHk": "16.13.0",
        "sqPBLwEBBKHA2WDuGb17eV": "2.3.0",
        "caTPwKxj5ZrD9LQ7DMdK4Z": "3.40.0",
        "gmeH6XgPaBtkt51HunAo4g": "18.12.0"
      },
      "lang": "ts",
      "fileLocks": [
        {
          "type": "globalVariant",
          "assetId": "h_fSEMrw7Uuy",
          "checksum": "bd0fb489dde7980345d97616c090b7cf"
        },
        {
          "assetId": "kE2m6SaQqQewvhrZdkGhrf",
          "checksum": "bb4aecc26d6120d6700effded38561b7",
          "type": "globalContexts"
        },
        {
          "type": "renderModule",
          "assetId": "99T2ETSydRuz",
          "checksum": "800b00a952203eec80831c38384dd232"
        },
        {
          "type": "cssRules",
          "assetId": "99T2ETSydRuz",
          "checksum": "800b00a952203eec80831c38384dd232"
        },
        {
          "type": "renderModule",
          "assetId": "SeN-_u-Bb4MZ",
          "checksum": "ad6a563337c001d17b8022e7af9e832f"
        },
        {
          "type": "cssRules",
          "assetId": "SeN-_u-Bb4MZ",
          "checksum": "ad6a563337c001d17b8022e7af9e832f"
        },
        {
          "type": "renderModule",
          "assetId": "o8zUWsy5LVXF",
          "checksum": "1d0564e8637e479763059e38440537c4"
        },
        {
          "type": "cssRules",
          "assetId": "o8zUWsy5LVXF",
          "checksum": "1d0564e8637e479763059e38440537c4"
        },
        {
          "type": "renderModule",
          "assetId": "20BEVE161Tub",
          "checksum": "fdbe640bc926a2bf382078d6254b1917"
        },
        {
          "type": "cssRules",
          "assetId": "20BEVE161Tub",
          "checksum": "fdbe640bc926a2bf382078d6254b1917"
        },
        {
          "type": "renderModule",
          "assetId": "IPsHMEFnMbCe",
          "checksum": "2b9f5382ccc770c17dfea86107531089"
        },
        {
          "type": "cssRules",
          "assetId": "IPsHMEFnMbCe",
          "checksum": "2b9f5382ccc770c17dfea86107531089"
        },
        {
          "type": "renderModule",
          "assetId": "0FKv6OEN19v8",
          "checksum": "b23647083719104f4aec71c04bfc685f"
        },
        {
          "type": "cssRules",
          "assetId": "0FKv6OEN19v8",
          "checksum": "b23647083719104f4aec71c04bfc685f"
        },
        {
          "type": "renderModule",
          "assetId": "n_ytIis6k_AZ",
          "checksum": "6cf7f7ea2a04814e890e076b26d12a2f"
        },
        {
          "type": "cssRules",
          "assetId": "n_ytIis6k_AZ",
          "checksum": "6cf7f7ea2a04814e890e076b26d12a2f"
        },
        {
          "type": "renderModule",
          "assetId": "aBtuHNyztemm",
          "checksum": "f46394ccfa24416054255946b9b7364f"
        },
        {
          "type": "cssRules",
          "assetId": "aBtuHNyztemm",
          "checksum": "f46394ccfa24416054255946b9b7364f"
        },
        {
          "type": "renderModule",
          "assetId": "OlNJiXpWhFI6",
          "checksum": "4ea500e85363dbb52312b55a7251c52a"
        },
        {
          "type": "cssRules",
          "assetId": "OlNJiXpWhFI6",
          "checksum": "4ea500e85363dbb52312b55a7251c52a"
        },
        {
          "type": "renderModule",
          "assetId": "wia2M04pK3E5",
          "checksum": "5920295ab91cc81b3200e5a4c0e020be"
        },
        {
          "type": "cssRules",
          "assetId": "wia2M04pK3E5",
          "checksum": "5920295ab91cc81b3200e5a4c0e020be"
        },
        {
          "type": "renderModule",
          "assetId": "iQPczQWmgb90",
          "checksum": "fa9be22fed8647763fd23a71576612bf"
        },
        {
          "type": "cssRules",
          "assetId": "iQPczQWmgb90",
          "checksum": "fa9be22fed8647763fd23a71576612bf"
        },
        {
          "type": "renderModule",
          "assetId": "Rg0Kch9kxMIp",
          "checksum": "e7dbc26f31dd5490f3a80f85a85cd8c8"
        },
        {
          "type": "cssRules",
          "assetId": "Rg0Kch9kxMIp",
          "checksum": "e7dbc26f31dd5490f3a80f85a85cd8c8"
        },
        {
          "type": "icon",
          "assetId": "qoRXrD2yswrp",
          "checksum": "5dd0856c0910e0253ef50a0747c11f51"
        },
        {
          "type": "icon",
          "assetId": "LwBmQ7p7bmsl",
          "checksum": "badc47cd67d783e12bba6faa8b21c3df"
        },
        {
          "type": "icon",
          "assetId": "Uv6mWKVW5aWf",
          "checksum": "482cf3852760ce147861b2d32f68a2c7"
        },
        {
          "type": "icon",
          "assetId": "akcTM9Ae0af4",
          "checksum": "0f17beef84dfc6c7ee3242e4100aa1e2"
        },
        {
          "type": "icon",
          "assetId": "weu2x_C0vG_F",
          "checksum": "fa7f4315c0748743c9902f9782247a4c"
        },
        {
          "type": "icon",
          "assetId": "HeBP6fereXNW",
          "checksum": "c7cf3438c15d297cc17a4673567bff39"
        },
        {
          "type": "icon",
          "assetId": "jyFOmxNthMrg",
          "checksum": "0e22bda54b29f08a9d27d86c1f6b366c"
        },
        {
          "type": "image",
          "assetId": "bCh-ixibAkna",
          "checksum": "c05b60a77c6af3326e51f0bb0430c3bb"
        },
        {
          "type": "image",
          "assetId": "4dKvsUYwwpeW",
          "checksum": "24690b747ed6236a5be35e0fb99bfc86"
        },
        {
          "type": "image",
          "assetId": "asnfvjBRxn9-",
          "checksum": "20af32c217f6e69b06363dae539e77e8"
        },
        {
          "type": "image",
          "assetId": "oQT73yEau-KE",
          "checksum": "99c3839b942830748b2b5f4423e800c4"
        },
        {
          "type": "image",
          "assetId": "NOtw_RyL4obd",
          "checksum": "7767f4dd9cc651e7a5a4df3034734340"
        },
        {
          "type": "image",
          "assetId": "QZjjHUJT4Mtf",
          "checksum": "cdde7ff9d69cc8f20f5e66986b38885b"
        },
        {
          "assetId": "kE2m6SaQqQewvhrZdkGhrf",
          "type": "projectCss",
          "checksum": "a8f787035a7eb8c7d904375b4d07571f"
        },
        {
          "type": "renderModule",
          "assetId": "MKQ4DewXPl4_",
          "checksum": "068f6c1f9e94ca947a6add8f3e0b80cf"
        },
        {
          "type": "cssRules",
          "assetId": "MKQ4DewXPl4_",
          "checksum": "068f6c1f9e94ca947a6add8f3e0b80cf"
        },
        {
          "type": "icon",
          "assetId": "2-hCShwmKMk5",
          "checksum": "b5717fb3ca09c1563a68fc05d6d665d4"
        },
        {
          "type": "icon",
          "assetId": "BAmC-AZA_wmG",
          "checksum": "7d7a50c3dac9cc6abf4c95265676cb55"
        }
      ],
      "codegenVersion": "0.0.1"
    },
    {
      "projectId": "gmeH6XgPaBtkt51HunAo4g",
      "version": "18.12.0",
      "dependencies": {},
      "lang": "ts",
      "fileLocks": [
        {
          "assetId": "gmeH6XgPaBtkt51HunAo4g",
          "type": "projectCss",
          "checksum": "1c02168c6b23256606111fdfdbb63549"
        }
      ],
      "codegenVersion": "0.0.1"
    }
  ],
  "cliVersion": "0.1.330"
}
